
Microsoft Visual Studio Solution File, Format Version 12.00
# Visual Studio 14
VisualStudioVersion = 14.0.23107.0
MinimumVisualStudioVersion = 10.0.40219.1
Project("{2150E333-8FDC-42A3-9474-1A3956D46DE8}") = "src", "src", "{C30A097D-1A92-4ADC-86B9-880E23A2DE63}"
EndProject
Project("{2150E333-8FDC-42A3-9474-1A3956D46DE8}") = "Solution Items", "Solution Items", "{BAFBA1E4-4C5E-4B1D-A8F9-5E8C6EE28DF9}"
	ProjectSection(SolutionItems) = preProject
		global.json = global.json
		NuGet.Config = NuGet.Config
	EndProjectSection
EndProject
Project("{2150E333-8FDC-42A3-9474-1A3956D46DE8}") = "test", "test", "{DE2C46BF-4CF5-4525-9D5B-6E26E6A1C0D0}"
EndProject
Project("{8BB2217D-0F2D-49D1-97BC-3654ED321F3B}") = "Hadouken.HadoukenApi", "src\Hadouken.HadoukenApi\Hadouken.HadoukenApi.xproj", "{B1A07BC5-2699-4E8E-B43B-FE01779A7626}"
EndProject
Project("{8BB2217D-0F2D-49D1-97BC-3654ED321F3B}") = "Hadouken.HadoukenApi.Test", "test\Hadouken.HadoukenApi.Test\Hadouken.HadoukenApi.Test.xproj", "{ACECC1E5-4455-45CD-B64E-3FA1545F59AB}"
EndProject
Global
	GlobalSection(SolutionConfigurationPlatforms) = preSolution
		Debug|Any CPU = Debug|Any CPU
		Release|Any CPU = Release|Any CPU
	EndGlobalSection
	GlobalSection(ProjectConfigurationPlatforms) = postSolution
		{B1A07BC5-2699-4E8E-B43B-FE01779A7626}.Debug|Any CPU.ActiveCfg = Debug|Any CPU
		{B1A07BC5-2699-4E8E-B43B-FE01779A7626}.Debug|Any CPU.Build.0 = Debug|Any CPU
		{B1A07BC5-2699-4E8E-B43B-FE01779A7626}.Release|Any CPU.ActiveCfg = Release|Any CPU
		{B1A07BC5-2699-4E8E-B43B-FE01779A7626}.Release|Any CPU.Build.0 = Release|Any CPU
		{ACECC1E5-4455-45CD-B64E-3FA1545F59AB}.Debug|Any CPU.ActiveCfg = Debug|Any CPU
		{ACECC1E5-4455-45CD-B64E-3FA1545F59AB}.Debug|Any CPU.Build.0 = Debug|Any CPU
		{ACECC1E5-4455-45CD-B64E-3FA1545F59AB}.Release|Any CPU.ActiveCfg = Release|Any CPU
		{ACECC1E5-4455-45CD-B64E-3FA1545F59AB}.Release|Any CPU.Build.0 = Release|Any CPU
	EndGlobalSection
	GlobalSection(SolutionProperties) = preSolution
		HideSolutionNode = FALSE
	EndGlobalSection
	GlobalSection(NestedProjects) = preSolution
		{B1A07BC5-2699-4E8E-B43B-FE01779A7626} = {C30A097D-1A92-4ADC-86B9-880E23A2DE63}
		{ACECC1E5-4455-45CD-B64E-3FA1545F59AB} = {DE2C46BF-4CF5-4525-9D5B-6E26E6A1C0D0}
	EndGlobalSection
EndGlobal
